
Microsoft Visual Studio Solution File, Format Version 12.00
# Visual Studio Version 17
VisualStudioVersion = 17.3.32811.315
MinimumVisualStudioVersion = 10.0.40219.1
Project("{FAE04EC0-301F-11D3-BF4B-00C04F79EFBC}") = "TestsXF.App.Android", "TestsXF.App\TestsXF.App.Android\TestsXF.App.Android.csproj", "{F63C298F-8CCD-4A2E-8736-6CC444F4EC5A}"
EndProject
Project("{FAE04EC0-301F-11D3-BF4B-00C04F79EFBC}") = "TestsXF.App.iOS", "TestsXF.App\TestsXF.App.iOS\TestsXF.App.iOS.csproj", "{43B51A5F-1F7C-439F-B3CA-3DD71CF1B37B}"
EndProject
Project("{9A19103F-16F7-4668-BE54-9A1E7A4F7556}") = "TestsXF.App", "TestsXF.App\TestsXF.App\TestsXF.App.csproj", "{D881E597-527D-40EF-BCB6-83A385D88A68}"
EndProject
Project("{FAE04EC0-301F-11D3-BF4B-00C04F79EFBC}") = "TestsXF.NUnit", "TestsXF.NUnit\TestsXF.NUnit.csproj", "{54681026-6101-4668-AE2D-605E5258D1D7}"
EndProject
Project("{FAE04EC0-301F-11D3-BF4B-00C04F79EFBC}") = "TestsXF.UITest", "TestsXF.UITest\TestsXF.UITest.csproj", "{C2105C57-432D-4C2E-98B6-3B7CDEA1E123}"
EndProject
Global
	GlobalSection(SolutionConfigurationPlatforms) = preSolution
		Debug|Any CPU = Debug|Any CPU
		Debug|iPhone = Debug|iPhone
		Debug|iPhoneSimulator = Debug|iPhoneSimulator
		Release|Any CPU = Release|Any CPU
		Release|iPhone = Release|iPhone
		Release|iPhoneSimulator = Release|iPhoneSimulator
	EndGlobalSection
	GlobalSection(ProjectConfigurationPlatforms) = postSolution
		{F63C298F-8CCD-4A2E-8736-6CC444F4EC5A}.Debug|Any CPU.ActiveCfg = Debug|Any CPU
		{F63C298F-8CCD-4A2E-8736-6CC444F4EC5A}.Debug|Any CPU.Build.0 = Debug|Any CPU
		{F63C298F-8CCD-4A2E-8736-6CC444F4EC5A}.Debug|Any CPU.Deploy.0 = Debug|Any CPU
		{F63C298F-8CCD-4A2E-8736-6CC444F4EC5A}.Debug|iPhone.ActiveCfg = Debug|Any CPU
		{F63C298F-8CCD-4A2E-8736-6CC444F4EC5A}.Debug|iPhone.Build.0 = Debug|Any CPU
		{F63C298F-8CCD-4A2E-8736-6CC444F4EC5A}.Debug|iPhone.Deploy.0 = Debug|Any CPU
		{F63C298F-8CCD-4A2E-8736-6CC444F4EC5A}.Debug|iPhoneSimulator.ActiveCfg = Debug|Any CPU
		{F63C298F-8CCD-4A2E-8736-6CC444F4EC5A}.Debug|iPhoneSimulator.Build.0 = Debug|Any CPU
		{F63C298F-8CCD-4A2E-8736-6CC444F4EC5A}.Debug|iPhoneSimulator.Deploy.0 = Debug|Any CPU
		{F63C298F-8CCD-4A2E-8736-6CC444F4EC5A}.Release|Any CPU.ActiveCfg = Release|Any CPU
		{F63C298F-8CCD-4A2E-8736-6CC444F4EC5A}.Release|Any CPU.Build.0 = Release|Any CPU
		{F63C298F-8CCD-4A2E-8736-6CC444F4EC5A}.Release|Any CPU.Deploy.0 = Release|Any CPU
		{F63C298F-8CCD-4A2E-8736-6CC444F4EC5A}.Release|iPhone.ActiveCfg = Release|Any CPU
		{F63C298F-8CCD-4A2E-8736-6CC444F4EC5A}.Release|iPhone.Build.0 = Release|Any CPU
		{F63C298F-8CCD-4A2E-8736-6CC444F4EC5A}.Release|iPhone.Deploy.0 = Release|Any CPU
		{F63C298F-8CCD-4A2E-8736-6CC444F4EC5A}.Release|iPhoneSimulator.ActiveCfg = Release|Any CPU
		{F63C298F-8CCD-4A2E-8736-6CC444F4EC5A}.Release|iPhoneSimulator.Build.0 = Release|Any CPU
		{F63C298F-8CCD-4A2E-8736-6CC444F4EC5A}.Release|iPhoneSimulator.Deploy.0 = Release|Any CPU
		{43B51A5F-1F7C-439F-B3CA-3DD71CF1B37B}.Debug|Any CPU.ActiveCfg = Debug|iPhoneSimulator
		{43B51A5F-1F7C-439F-B3CA-3DD71CF1B37B}.Debug|Any CPU.Build.0 = Debug|iPhoneSimulator
		{43B51A5F-1F7C-439F-B3CA-3DD71CF1B37B}.Debug|iPhone.ActiveCfg = Debug|iPhone
		{43B51A5F-1F7C-439F-B3CA-3DD71CF1B37B}.Debug|iPhone.Build.0 = Debug|iPhone
		{43B51A5F-1F7C-439F-B3CA-3DD71CF1B37B}.Debug|iPhoneSimulator.ActiveCfg = Debug|iPhoneSimulator
		{43B51A5F-1F7C-439F-B3CA-3DD71CF1B37B}.Debug|iPhoneSimulator.Build.0 = Debug|iPhoneSimulator
		{43B51A5F-1F7C-439F-B3CA-3DD71CF1B37B}.Release|Any CPU.ActiveCfg = Release|iPhoneSimulator
		{43B51A5F-1F7C-439F-B3CA-3DD71CF1B37B}.Release|Any CPU.Build.0 = Release|iPhoneSimulator
		{43B51A5F-1F7C-439F-B3CA-3DD71CF1B37B}.Release|iPhone.ActiveCfg = Release|iPhone
		{43B51A5F-1F7C-439F-B3CA-3DD71CF1B37B}.Release|iPhone.Build.0 = Release|iPhone
		{43B51A5F-1F7C-439F-B3CA-3DD71CF1B37B}.Release|iPhoneSimulator.ActiveCfg = Release|iPhoneSimulator
		{43B51A5F-1F7C-439F-B3CA-3DD71CF1B37B}.Release|iPhoneSimulator.Build.0 = Release|iPhoneSimulator
		{D881E597-527D-40EF-BCB6-83A385D88A68}.Debug|Any CPU.ActiveCfg = Debug|Any CPU
		{D881E597-527D-40EF-BCB6-83A385D88A68}.Debug|Any CPU.Build.0 = Debug|Any CPU
		{D881E597-527D-40EF-BCB6-83A385D88A68}.Debug|iPhone.ActiveCfg = Debug|Any CPU
		{D881E597-527D-40EF-BCB6-83A385D88A68}.Debug|iPhone.Build.0 = Debug|Any CPU
		{D881E597-527D-40EF-BCB6-83A385D88A68}.Debug|iPhoneSimulator.ActiveCfg = Debug|Any CPU
		{D881E597-527D-40EF-BCB6-83A385D88A68}.Debug|iPhoneSimulator.Build.0 = Debug|Any CPU
		{D881E597-527D-40EF-BCB6-83A385D88A68}.Release|Any CPU.ActiveCfg = Release|Any CPU
		{D881E597-527D-40EF-BCB6-83A385D88A68}.Release|Any CPU.Build.0 = Release|Any CPU
		{D881E597-527D-40EF-BCB6-83A385D88A68}.Release|iPhone.ActiveCfg = Release|Any CPU
		{D881E597-527D-40EF-BCB6-83A385D88A68}.Release|iPhone.Build.0 = Release|Any CPU
		{D881E597-527D-40EF-BCB6-83A385D88A68}.Release|iPhoneSimulator.ActiveCfg = Release|Any CPU
		{D881E597-527D-40EF-BCB6-83A385D88A68}.Release|iPhoneSimulator.Build.0 = Release|Any CPU
		{54681026-6101-4668-AE2D-605E5258D1D7}.Debug|Any CPU.ActiveCfg = Debug|Any CPU
		{54681026-6101-4668-AE2D-605E5258D1D7}.Debug|Any CPU.Build.0 = Debug|Any CPU
		{54681026-6101-4668-AE2D-605E5258D1D7}.Debug|iPhone.ActiveCfg = Debug|Any CPU
		{54681026-6101-4668-AE2D-605E5258D1D7}.Debug|iPhone.Build.0 = Debug|Any CPU
		{54681026-6101-4668-AE2D-605E5258D1D7}.Debug|iPhoneSimulator.ActiveCfg = Debug|Any CPU
		{54681026-6101-4668-AE2D-605E5258D1D7}.Debug|iPhoneSimulator.Build.0 = Debug|Any CPU
		{54681026-6101-4668-AE2D-605E5258D1D7}.Release|Any CPU.ActiveCfg = Release|Any CPU
		{54681026-6101-4668-AE2D-605E5258D1D7}.Release|Any CPU.Build.0 = Release|Any CPU
		{54681026-6101-4668-AE2D-605E5258D1D7}.Release|iPhone.ActiveCfg = Release|Any CPU
		{54681026-6101-4668-AE2D-605E5258D1D7}.Release|iPhone.Build.0 = Release|Any CPU
		{54681026-6101-4668-AE2D-605E5258D1D7}.Release|iPhoneSimulator.ActiveCfg = Release|Any CPU
		{54681026-6101-4668-AE2D-605E5258D1D7}.Release|iPhoneSimulator.Build.0 = Release|Any CPU
		{C2105C57-432D-4C2E-98B6-3B7CDEA1E123}.Debug|Any CPU.ActiveCfg = Debug|Any CPU
		{C2105C57-432D-4C2E-98B6-3B7CDEA1E123}.Debug|Any CPU.Build.0 = Debug|Any CPU
		{C2105C57-432D-4C2E-98B6-3B7CDEA1E123}.Debug|iPhone.ActiveCfg = Debug|Any CPU
		{C2105C57-432D-4C2E-98B6-3B7CDEA1E123}.Debug|iPhone.Build.0 = Debug|Any CPU
		{C2105C57-432D-4C2E-98B6-3B7CDEA1E123}.Debug|iPhoneSimulator.ActiveCfg = Debug|Any CPU
		{C2105C57-432D-4C2E-98B6-3B7CDEA1E123}.Debug|iPhoneSimulator.Build.0 = Debug|Any CPU
		{C2105C57-432D-4C2E-98B6-3B7CDEA1E123}.Release|Any CPU.ActiveCfg = Release|Any CPU
		{C2105C57-432D-4C2E-98B6-3B7CDEA1E123}.Release|Any CPU.Build.0 = Release|Any CPU
		{C2105C57-432D-4C2E-98B6-3B7CDEA1E123}.Release|iPhone.ActiveCfg = Release|Any CPU
		{C2105C57-432D-4C2E-98B6-3B7CDEA1E123}.Release|iPhone.Build.0 = Release|Any CPU
		{C2105C57-432D-4C2E-98B6-3B7CDEA1E123}.Release|iPhoneSimulator.ActiveCfg = Release|Any CPU
		{C2105C57-432D-4C2E-98B6-3B7CDEA1E123}.Release|iPhoneSimulator.Build.0 = Release|Any CPU
	EndGlobalSection
	GlobalSection(SolutionProperties) = preSolution
		HideSolutionNode = FALSE
	EndGlobalSection
	GlobalSection(ExtensibilityGlobals) = postSolution
		SolutionGuid = {62097BF2-78EF-406D-AF13-90A49C96D2A2}
	EndGlobalSection
EndGlobal
